
Microsoft Visual Studio Solution File, Format Version 12.00
# Visual Studio Version 17
VisualStudioVersion = 17.7.34018.315
MinimumVisualStudioVersion = 10.0.40219.1
Project("{FAE04EC0-301F-11D3-BF4B-00C04F79EFBC}") = "Inlämningsuppgifter4._3", "Inlämningsuppgifter4._3.csproj", "{33406302-CF16-45C5-81E4-C77F5CBD2C15}"
EndProject
Global
	GlobalSection(SolutionConfigurationPlatforms) = preSolution
		Debug|Any CPU = Debug|Any CPU
		Release|Any CPU = Release|Any CPU
	EndGlobalSection
	GlobalSection(ProjectConfigurationPlatforms) = postSolution
		{33406302-CF16-45C5-81E4-C77F5CBD2C15}.Debug|Any CPU.ActiveCfg = Debug|Any CPU
		{33406302-CF16-45C5-81E4-C77F5CBD2C15}.Debug|Any CPU.Build.0 = Debug|Any CPU
		{33406302-CF16-45C5-81E4-C77F5CBD2C15}.Release|Any CPU.ActiveCfg = Release|Any CPU
		{33406302-CF16-45C5-81E4-C77F5CBD2C15}.Release|Any CPU.Build.0 = Release|Any CPU
	EndGlobalSection
	GlobalSection(SolutionProperties) = preSolution
		HideSolutionNode = FALSE
	EndGlobalSection
	GlobalSection(ExtensibilityGlobals) = postSolution
		SolutionGuid = {C2758B1A-F1F4-417C-B61A-60228A7B183D}
	EndGlobalSection
EndGlobal
